{
  "version": 4,
  "terraform_version": "1.12.2",
  "serial": 2,
  "lineage": "697b06f5-34f9-c6d6-3953-09240ac05c61",
  "outputs": {},
  "resources": [
    {
      "mode": "data",
      "type": "azurerm_billing_mca_account_scope",
      "name": "azurebilling",
      "provider": "provider[\"registry.terraform.io/hashicorp/azurerm\"]",
      "instances": [
        {
          "schema_version": 0,
          "attributes": {
            "billing_account_name": "edfff974-6731-50ea-0fa2-408ef0b836c6:2a8112ce-43a8-4c25-ba3e-6fc620c0df69_2019-05-31",
            "billing_profile_name": "VTIP-4TUY-BG7-PGB",
            "id": "/providers/Microsoft.Billing/billingAccounts/edfff974-6731-50ea-0fa2-408ef0b836c6:2a8112ce-43a8-4c25-ba3e-6fc620c0df69_2019-05-31/billingProfiles/VTIP-4TUY-BG7-PGB/invoiceSections/LKYD-S7LG-PJA-PGB",
            "invoice_section_name": "LKYD-S7LG-PJA-PGB",
            "timeouts": null
          },
          "sensitive_attributes": [],
          "identity_schema_version": 0
        }
      ]
    },
    {
      "mode": "managed",
      "type": "azurerm_consumption_budget_subscription",
      "name": "payg_budget",
      "provider": "provider[\"registry.terraform.io/hashicorp/azurerm\"]",
      "instances": []
    },
    {
      "mode": "managed",
      "type": "azurerm_subscription",
      "name": "payg",
      "provider": "provider[\"registry.terraform.io/hashicorp/azurerm\"]",
      "instances": [
        {
          "schema_version": 0,
          "attributes": {
            "alias": "ca2c2383-4328-4967-97d1-4f9375c8c1aa",
            "billing_scope_id": "/providers/Microsoft.Billing/billingAccounts/edfff974-6731-50ea-0fa2-408ef0b836c6:2a8112ce-43a8-4c25-ba3e-6fc620c0df69_2019-05-31/billingProfiles/VTIP-4TUY-BG7-PGB/invoiceSections/LKYD-S7LG-PJA-PGB",
            "id": "/providers/Microsoft.Subscription/aliases/ca2c2383-4328-4967-97d1-4f9375c8c1aa",
            "subscription_id": "65339cd1-9ddb-4f0f-a107-20e0a704d6a3",
            "subscription_name": "Pay-As-You-Go Subscription",
            "tags": null,
            "tenant_id": "15fb0613-7977-4551-801b-6aadac824241",
            "timeouts": null,
            "workload": null
          },
          "sensitive_attributes": [],
          "identity_schema_version": 0,
          "private": "eyJlMmJmYjczMC1lY2FhLTExZTYtOGY4OC0zNDM2M2JjN2M0YzAiOnsiY3JlYXRlIjoxODAwMDAwMDAwMDAwLCJkZWxldGUiOjE4MDAwMDAwMDAwMDAsInJlYWQiOjMwMDAwMDAwMDAwMCwidXBkYXRlIjoxODAwMDAwMDAwMDAwfX0=",
          "dependencies": [
            "data.azurerm_billing_mca_account_scope.azurebilling"
          ]
        }
      ]
    }
  ],
  "check_results": null
}
