{
  "version": 4,
  "terraform_version": "1.12.2",
  "serial": 7,
  "lineage": "b6ff3207-4c56-cdb1-582b-1019ae701a00",
  "outputs": {
    "location": {
      "value": "australiaeast",
      "type": "string"
    },
    "subscription_id": {
      "value": "0930d9a7-2369-4a2d-a0b6-5805ef505868",
      "type": "string"
    },
    "target_env": {
      "value": "missingegret",
      "type": "string"
    }
  },
  "resources": [
    {
      "mode": "managed",
      "type": "azurerm_app_configuration",
      "name": "appconfig",
      "provider": "provider[\"registry.terraform.io/hashicorp/azurerm\"]",
      "instances": [
        {
          "schema_version": 0,
          "attributes": {
            "data_plane_proxy_authentication_mode": "Local",
            "data_plane_proxy_private_link_delegation_enabled": false,
            "encryption": [],
            "endpoint": "https://missingegret-appconfig.azconfig.io",
            "id": "/subscriptions/0930d9a7-2369-4a2d-a0b6-5805ef505868/resourceGroups/missingegret-resources/providers/Microsoft.AppConfiguration/configurationStores/missingegret-appconfig",
            "identity": [],
            "local_auth_enabled": true,
            "location": "australiaeast",
            "name": "missingegret-appconfig",
            "primary_read_key": [
              {
                "connection_string": "Endpoint=https://missingegret-appconfig.azconfig.io;Id=REUA;Secret=1VmgZl8hyrkbZDA5ds2ZUdWv8zmKjAgw4kmuqOtF8b3aqtjjAjNaJQQJ99BHACL93NabodnDAAABAZAC2GYU",
                "id": "REUA",
                "secret": "1VmgZl8hyrkbZDA5ds2ZUdWv8zmKjAgw4kmuqOtF8b3aqtjjAjNaJQQJ99BHACL93NabodnDAAABAZAC2GYU"
              }
            ],
            "primary_write_key": [
              {
                "connection_string": "Endpoint=https://missingegret-appconfig.azconfig.io;Id=GdBW;Secret=A7GAfjvsVVSWzhKdYDzZdR27miLpMUGQrbtydCVpoa4TgwQnWsRiJQQJ99BHACL93NabodnDAAACAZAC4Gqr",
                "id": "GdBW",
                "secret": "A7GAfjvsVVSWzhKdYDzZdR27miLpMUGQrbtydCVpoa4TgwQnWsRiJQQJ99BHACL93NabodnDAAACAZAC4Gqr"
              }
            ],
            "public_network_access": "",
            "purge_protection_enabled": false,
            "replica": [],
            "resource_group_name": "missingegret-resources",
            "secondary_read_key": [
              {
                "connection_string": "Endpoint=https://missingegret-appconfig.azconfig.io;Id=JXCg;Secret=3ZTPgJC6nqXAHB5KqLzRle43SN4dKphrhDDpKeibP6l0rZq9obdtJQQJ99BHACL93NabodnDAAABAZAC2XPU",
                "id": "JXCg",
                "secret": "3ZTPgJC6nqXAHB5KqLzRle43SN4dKphrhDDpKeibP6l0rZq9obdtJQQJ99BHACL93NabodnDAAABAZAC2XPU"
              }
            ],
            "secondary_write_key": [
              {
                "connection_string": "Endpoint=https://missingegret-appconfig.azconfig.io;Id=awId;Secret=3IXga5CK8IPgmYNzI43XnjJbM1sSYvvOT7fp3Nqbcy047UQkbvKiJQQJ99BHACL93NabodnDAAACAZACN2n6",
                "id": "awId",
                "secret": "3IXga5CK8IPgmYNzI43XnjJbM1sSYvvOT7fp3Nqbcy047UQkbvKiJQQJ99BHACL93NabodnDAAACAZACN2n6"
              }
            ],
            "sku": "standard",
            "soft_delete_retention_days": 7,
            "tags": {},
            "timeouts": null
          },
          "sensitive_attributes": [],
          "identity_schema_version": 0,
          "private": "eyJlMmJmYjczMC1lY2FhLTExZTYtOGY4OC0zNDM2M2JjN2M0YzAiOnsiY3JlYXRlIjozNjAwMDAwMDAwMDAwLCJkZWxldGUiOjM2MDAwMDAwMDAwMDAsInJlYWQiOjMwMDAwMDAwMDAwMCwidXBkYXRlIjozNjAwMDAwMDAwMDAwfX0=",
          "dependencies": [
            "azurerm_resource_group.rg"
          ]
        }
      ]
    },
    {
      "mode": "managed",
      "type": "azurerm_app_configuration_key",
      "name": "env_type",
      "provider": "provider[\"registry.terraform.io/hashicorp/azurerm\"]",
      "instances": [
        {
          "schema_version": 2,
          "attributes": {
            "configuration_store_id": "/subscriptions/0930d9a7-2369-4a2d-a0b6-5805ef505868/resourceGroups/missingegret-resources/providers/Microsoft.AppConfiguration/configurationStores/missingegret-appconfig",
            "content_type": "",
            "etag": "8NX963UnTKdQkyaj_25PdS2ygOc8kx_i_YHYh74yjBo",
            "id": "https://missingegret-appconfig.azconfig.io/kv/Environment_Name?label=",
            "key": "Environment_Name",
            "label": "",
            "locked": false,
            "tags": {},
            "timeouts": null,
            "type": "kv",
            "value": "missingegret",
            "vault_key_reference": ""
          },
          "sensitive_attributes": [],
          "identity_schema_version": 0,
          "private": "eyJlMmJmYjczMC1lY2FhLTExZTYtOGY4OC0zNDM2M2JjN2M0YzAiOnsiY3JlYXRlIjoyNzAwMDAwMDAwMDAwLCJkZWxldGUiOjE4MDAwMDAwMDAwMDAsInJlYWQiOjMwMDAwMDAwMDAwMCwidXBkYXRlIjoxODAwMDAwMDAwMDAwfSwic2NoZW1hX3ZlcnNpb24iOiIyIn0=",
          "dependencies": [
            "azurerm_app_configuration.appconfig",
            "azurerm_resource_group.rg"
          ]
        }
      ]
    },
    {
      "mode": "managed",
      "type": "azurerm_resource_group",
      "name": "rg",
      "provider": "provider[\"registry.terraform.io/hashicorp/azurerm\"]",
      "instances": [
        {
          "schema_version": 0,
          "attributes": {
            "id": "/subscriptions/0930d9a7-2369-4a2d-a0b6-5805ef505868/resourceGroups/missingegret-resources",
            "location": "australiaeast",
            "managed_by": "",
            "name": "missingegret-resources",
            "tags": {},
            "timeouts": null
          },
          "sensitive_attributes": [],
          "identity_schema_version": 0,
          "private": "eyJlMmJmYjczMC1lY2FhLTExZTYtOGY4OC0zNDM2M2JjN2M0YzAiOnsiY3JlYXRlIjo1NDAwMDAwMDAwMDAwLCJkZWxldGUiOjU0MDAwMDAwMDAwMDAsInJlYWQiOjMwMDAwMDAwMDAwMCwidXBkYXRlIjo1NDAwMDAwMDAwMDAwfX0="
        }
      ]
    },
    {
      "mode": "managed",
      "type": "azurerm_storage_account",
      "name": "sa",
      "provider": "provider[\"registry.terraform.io/hashicorp/azurerm\"]",
      "instances": [
        {
          "schema_version": 4,
          "attributes": {
            "access_tier": "Hot",
            "account_kind": "StorageV2",
            "account_replication_type": "LRS",
            "account_tier": "Standard",
            "allow_nested_items_to_be_public": true,
            "allowed_copy_scope": "",
            "azure_files_authentication": [],
            "blob_properties": [
              {
                "change_feed_enabled": false,
                "change_feed_retention_in_days": 0,
                "container_delete_retention_policy": [],
                "cors_rule": [],
                "default_service_version": "",
                "delete_retention_policy": [],
                "last_access_time_enabled": false,
                "restore_policy": [],
                "versioning_enabled": false
              }
            ],
            "cross_tenant_replication_enabled": false,
            "custom_domain": [],
            "customer_managed_key": [],
            "default_to_oauth_authentication": false,
            "dns_endpoint_type": "Standard",
            "edge_zone": "",
            "https_traffic_only_enabled": true,
            "id": "/subscriptions/0930d9a7-2369-4a2d-a0b6-5805ef505868/resourceGroups/missingegret-resources/providers/Microsoft.Storage/storageAccounts/missingegretpvtstor",
            "identity": [],
            "immutability_policy": [],
            "infrastructure_encryption_enabled": false,
            "is_hns_enabled": false,
            "large_file_share_enabled": false,
            "local_user_enabled": true,
            "location": "australiaeast",
            "min_tls_version": "TLS1_2",
            "name": "missingegretpvtstor",
            "network_rules": [],
            "nfsv3_enabled": false,
            "primary_access_key": "zmpo6+6838yPkLSUgWhhKw+TzaVT3jSa3FijySszlf1Q4EFt0t1mzQPg//++mbPchWC6rf+RkTb++ASt3YRGSA==",
            "primary_blob_connection_string": "DefaultEndpointsProtocol=https;BlobEndpoint=https://missingegretpvtstor.blob.core.windows.net/;AccountName=missingegretpvtstor;AccountKey=zmpo6+6838yPkLSUgWhhKw+TzaVT3jSa3FijySszlf1Q4EFt0t1mzQPg//++mbPchWC6rf+RkTb++ASt3YRGSA==",
            "primary_blob_endpoint": "https://missingegretpvtstor.blob.core.windows.net/",
            "primary_blob_host": "missingegretpvtstor.blob.core.windows.net",
            "primary_blob_internet_endpoint": "",
            "primary_blob_internet_host": "",
            "primary_blob_microsoft_endpoint": "",
            "primary_blob_microsoft_host": "",
            "primary_connection_string": "DefaultEndpointsProtocol=https;AccountName=missingegretpvtstor;AccountKey=zmpo6+6838yPkLSUgWhhKw+TzaVT3jSa3FijySszlf1Q4EFt0t1mzQPg//++mbPchWC6rf+RkTb++ASt3YRGSA==;EndpointSuffix=core.windows.net",
            "primary_dfs_endpoint": "https://missingegretpvtstor.dfs.core.windows.net/",
            "primary_dfs_host": "missingegretpvtstor.dfs.core.windows.net",
            "primary_dfs_internet_endpoint": "",
            "primary_dfs_internet_host": "",
            "primary_dfs_microsoft_endpoint": "",
            "primary_dfs_microsoft_host": "",
            "primary_file_endpoint": "https://missingegretpvtstor.file.core.windows.net/",
            "primary_file_host": "missingegretpvtstor.file.core.windows.net",
            "primary_file_internet_endpoint": "",
            "primary_file_internet_host": "",
            "primary_file_microsoft_endpoint": "",
            "primary_file_microsoft_host": "",
            "primary_location": "australiaeast",
            "primary_queue_endpoint": "https://missingegretpvtstor.queue.core.windows.net/",
            "primary_queue_host": "missingegretpvtstor.queue.core.windows.net",
            "primary_queue_microsoft_endpoint": "",
            "primary_queue_microsoft_host": "",
            "primary_table_endpoint": "https://missingegretpvtstor.table.core.windows.net/",
            "primary_table_host": "missingegretpvtstor.table.core.windows.net",
            "primary_table_microsoft_endpoint": "",
            "primary_table_microsoft_host": "",
            "primary_web_endpoint": "https://missingegretpvtstor.z8.web.core.windows.net/",
            "primary_web_host": "missingegretpvtstor.z8.web.core.windows.net",
            "primary_web_internet_endpoint": "",
            "primary_web_internet_host": "",
            "primary_web_microsoft_endpoint": "",
            "primary_web_microsoft_host": "",
            "provisioned_billing_model_version": "",
            "public_network_access_enabled": true,
            "queue_encryption_key_type": "Service",
            "queue_properties": [
              {
                "cors_rule": [],
                "hour_metrics": [
                  {
                    "enabled": false,
                    "include_apis": false,
                    "retention_policy_days": 0,
                    "version": "1.0"
                  }
                ],
                "logging": [
                  {
                    "delete": false,
                    "read": false,
                    "retention_policy_days": 0,
                    "version": "1.0",
                    "write": false
                  }
                ],
                "minute_metrics": [
                  {
                    "enabled": false,
                    "include_apis": false,
                    "retention_policy_days": 0,
                    "version": "1.0"
                  }
                ]
              }
            ],
            "resource_group_name": "missingegret-resources",
            "routing": [],
            "sas_policy": [],
            "secondary_access_key": "tHVGQFsr7fCT9+hE3KTffOgpYJKU+E/5cGEYIM+pESpYcmA52hHY2V7S/+nlClqWWHhCO3ztCBpQ+AStl5037A==",
            "secondary_blob_connection_string": "",
            "secondary_blob_endpoint": "",
            "secondary_blob_host": "",
            "secondary_blob_internet_endpoint": "",
            "secondary_blob_internet_host": "",
            "secondary_blob_microsoft_endpoint": "",
            "secondary_blob_microsoft_host": "",
            "secondary_connection_string": "DefaultEndpointsProtocol=https;AccountName=missingegretpvtstor;AccountKey=tHVGQFsr7fCT9+hE3KTffOgpYJKU+E/5cGEYIM+pESpYcmA52hHY2V7S/+nlClqWWHhCO3ztCBpQ+AStl5037A==;EndpointSuffix=core.windows.net",
            "secondary_dfs_endpoint": "",
            "secondary_dfs_host": "",
            "secondary_dfs_internet_endpoint": "",
            "secondary_dfs_internet_host": "",
            "secondary_dfs_microsoft_endpoint": "",
            "secondary_dfs_microsoft_host": "",
            "secondary_file_endpoint": "",
            "secondary_file_host": "",
            "secondary_file_internet_endpoint": "",
            "secondary_file_internet_host": "",
            "secondary_file_microsoft_endpoint": "",
            "secondary_file_microsoft_host": "",
            "secondary_location": "",
            "secondary_queue_endpoint": "",
            "secondary_queue_host": "",
            "secondary_queue_microsoft_endpoint": "",
            "secondary_queue_microsoft_host": "",
            "secondary_table_endpoint": "",
            "secondary_table_host": "",
            "secondary_table_microsoft_endpoint": "",
            "secondary_table_microsoft_host": "",
            "secondary_web_endpoint": "",
            "secondary_web_host": "",
            "secondary_web_internet_endpoint": "",
            "secondary_web_internet_host": "",
            "secondary_web_microsoft_endpoint": "",
            "secondary_web_microsoft_host": "",
            "sftp_enabled": false,
            "share_properties": [
              {
                "cors_rule": [],
                "retention_policy": [
                  {
                    "days": 7
                  }
                ],
                "smb": []
              }
            ],
            "shared_access_key_enabled": true,
            "static_website": [],
            "table_encryption_key_type": "Service",
            "tags": {},
            "timeouts": null
          },
          "sensitive_attributes": [
            [
              {
                "type": "get_attr",
                "value": "primary_access_key"
              }
            ],
            [
              {
                "type": "get_attr",
                "value": "primary_blob_connection_string"
              }
            ],
            [
              {
                "type": "get_attr",
                "value": "primary_connection_string"
              }
            ],
            [
              {
                "type": "get_attr",
                "value": "secondary_access_key"
              }
            ],
            [
              {
                "type": "get_attr",
                "value": "secondary_blob_connection_string"
              }
            ],
            [
              {
                "type": "get_attr",
                "value": "secondary_connection_string"
              }
            ]
          ],
          "identity_schema_version": 0,
          "identity": {
            "name": "missingegretpvtstor",
            "resource_group_name": "missingegret-resources",
            "subscription_id": "0930d9a7-2369-4a2d-a0b6-5805ef505868"
          },
          "private": "eyJlMmJmYjczMC1lY2FhLTExZTYtOGY4OC0zNDM2M2JjN2M0YzAiOnsiY3JlYXRlIjozNjAwMDAwMDAwMDAwLCJkZWxldGUiOjM2MDAwMDAwMDAwMDAsInJlYWQiOjMwMDAwMDAwMDAwMCwidXBkYXRlIjozNjAwMDAwMDAwMDAwfSwic2NoZW1hX3ZlcnNpb24iOiI0In0=",
          "dependencies": [
            "azurerm_resource_group.rg"
          ]
        }
      ]
    },
    {
      "mode": "managed",
      "type": "azurerm_storage_container",
      "name": "tfstatecontianer",
      "provider": "provider[\"registry.terraform.io/hashicorp/azurerm\"]",
      "instances": [
        {
          "schema_version": 1,
          "attributes": {
            "container_access_type": "private",
            "default_encryption_scope": "$account-encryption-key",
            "encryption_scope_override_enabled": true,
            "has_immutability_policy": false,
            "has_legal_hold": false,
            "id": "/subscriptions/0930d9a7-2369-4a2d-a0b6-5805ef505868/resourceGroups/missingegret-resources/providers/Microsoft.Storage/storageAccounts/missingegretpvtstor/blobServices/default/containers/tfstatefile",
            "metadata": {},
            "name": "tfstatefile",
            "resource_manager_id": "/subscriptions/0930d9a7-2369-4a2d-a0b6-5805ef505868/resourceGroups/missingegret-resources/providers/Microsoft.Storage/storageAccounts/missingegretpvtstor/blobServices/default/containers/tfstatefile",
            "storage_account_id": "/subscriptions/0930d9a7-2369-4a2d-a0b6-5805ef505868/resourceGroups/missingegret-resources/providers/Microsoft.Storage/storageAccounts/missingegretpvtstor",
            "storage_account_name": "",
            "timeouts": null
          },
          "sensitive_attributes": [],
          "identity_schema_version": 0,
          "private": "eyJlMmJmYjczMC1lY2FhLTExZTYtOGY4OC0zNDM2M2JjN2M0YzAiOnsiY3JlYXRlIjoxODAwMDAwMDAwMDAwLCJkZWxldGUiOjE4MDAwMDAwMDAwMDAsInJlYWQiOjMwMDAwMDAwMDAwMCwidXBkYXRlIjoxODAwMDAwMDAwMDAwfSwic2NoZW1hX3ZlcnNpb24iOiIxIn0=",
          "dependencies": [
            "azurerm_resource_group.rg",
            "azurerm_storage_account.sa"
          ]
        }
      ]
    }
  ],
  "check_results": null
}
